
Microsoft Visual Studio Solution File, Format Version 12.00
# Visual Studio Version 16
VisualStudioVersion = 16.0.31112.23
MinimumVisualStudioVersion = 10.0.40219.1
Project("{9A19103F-16F7-4668-BE54-9A1E7A4F7556}") = "WPFAppUsersTest", "WPFAppUsersTest\WPFAppUsersTest.csproj", "{87F95BF0-1E84-4D76-BD62-4EDB2733E972}"
EndProject
Project("{9A19103F-16F7-4668-BE54-9A1E7A4F7556}") = "WPFAppUsersTestCore", "WPFAppUsersTestCore\WPFAppUsersTestCore.csproj", "{4F1E884B-FBC6-4601-8868-B1161C3DAE8E}"
EndProject
Global
	GlobalSection(SolutionConfigurationPlatforms) = preSolution
		Debug|Any CPU = Debug|Any CPU
		Release|Any CPU = Release|Any CPU
	EndGlobalSection
	GlobalSection(ProjectConfigurationPlatforms) = postSolution
		{87F95BF0-1E84-4D76-BD62-4EDB2733E972}.Debug|Any CPU.ActiveCfg = Debug|Any CPU
		{87F95BF0-1E84-4D76-BD62-4EDB2733E972}.Debug|Any CPU.Build.0 = Debug|Any CPU
		{87F95BF0-1E84-4D76-BD62-4EDB2733E972}.Release|Any CPU.ActiveCfg = Release|Any CPU
		{87F95BF0-1E84-4D76-BD62-4EDB2733E972}.Release|Any CPU.Build.0 = Release|Any CPU
		{4F1E884B-FBC6-4601-8868-B1161C3DAE8E}.Debug|Any CPU.ActiveCfg = Debug|Any CPU
		{4F1E884B-FBC6-4601-8868-B1161C3DAE8E}.Debug|Any CPU.Build.0 = Debug|Any CPU
		{4F1E884B-FBC6-4601-8868-B1161C3DAE8E}.Release|Any CPU.ActiveCfg = Release|Any CPU
		{4F1E884B-FBC6-4601-8868-B1161C3DAE8E}.Release|Any CPU.Build.0 = Release|Any CPU
	EndGlobalSection
	GlobalSection(SolutionProperties) = preSolution
		HideSolutionNode = FALSE
	EndGlobalSection
	GlobalSection(ExtensibilityGlobals) = postSolution
		SolutionGuid = {274FE431-E50C-4489-9732-18742A42003A}
	EndGlobalSection
EndGlobal
